
Microsoft Visual Studio Solution File, Format Version 12.00
# Visual Studio 2013
VisualStudioVersion = 12.0.31101.0
MinimumVisualStudioVersion = 10.0.40219.1
Project("{FAE04EC0-301F-11D3-BF4B-00C04F79EFBC}") = "NPoco.Console", "Console\NPoco.Console.csproj", "{00B8F87E-279F-42E8-BCAF-940A7ED993BD}"
EndProject
Project("{FAE04EC0-301F-11D3-BF4B-00C04F79EFBC}") = "NPoco.Console.Debug", "Console.Debug\NPoco.Console.Debug.csproj", "{2A02066B-293D-42E3-B448-9E90151FD7D7}"
EndProject
Global
	GlobalSection(SolutionConfigurationPlatforms) = preSolution
		Debug|Any CPU = Debug|Any CPU
		Release|Any CPU = Release|Any CPU
	EndGlobalSection
	GlobalSection(ProjectConfigurationPlatforms) = postSolution
		{00B8F87E-279F-42E8-BCAF-940A7ED993BD}.Debug|Any CPU.ActiveCfg = Debug|Any CPU
		{00B8F87E-279F-42E8-BCAF-940A7ED993BD}.Debug|Any CPU.Build.0 = Debug|Any CPU
		{00B8F87E-279F-42E8-BCAF-940A7ED993BD}.Release|Any CPU.ActiveCfg = Release|Any CPU
		{00B8F87E-279F-42E8-BCAF-940A7ED993BD}.Release|Any CPU.Build.0 = Release|Any CPU
		{2A02066B-293D-42E3-B448-9E90151FD7D7}.Debug|Any CPU.ActiveCfg = Debug|Any CPU
		{2A02066B-293D-42E3-B448-9E90151FD7D7}.Debug|Any CPU.Build.0 = Debug|Any CPU
		{2A02066B-293D-42E3-B448-9E90151FD7D7}.Release|Any CPU.ActiveCfg = Release|Any CPU
		{2A02066B-293D-42E3-B448-9E90151FD7D7}.Release|Any CPU.Build.0 = Release|Any CPU
	EndGlobalSection
	GlobalSection(SolutionProperties) = preSolution
		HideSolutionNode = FALSE
	EndGlobalSection
EndGlobal
